
Microsoft Visual Studio Solution File, Format Version 12.00
# Visual Studio Version 17
VisualStudioVersion = 17.2.32630.192
MinimumVisualStudioVersion = 10.0.40219.1
Project("{FAE04EC0-301F-11D3-BF4B-00C04F79EFBC}") = "DisplayJSON", "DisplayJSON\DisplayJSON.csproj", "{C097E6EF-567B-4A09-9E8A-301162E99BFC}"
EndProject
Global
	GlobalSection(SolutionConfigurationPlatforms) = preSolution
		Debug|Any CPU = Debug|Any CPU
		Release|Any CPU = Release|Any CPU
	EndGlobalSection
	GlobalSection(ProjectConfigurationPlatforms) = postSolution
		{C097E6EF-567B-4A09-9E8A-301162E99BFC}.Debug|Any CPU.ActiveCfg = Debug|Any CPU
		{C097E6EF-567B-4A09-9E8A-301162E99BFC}.Debug|Any CPU.Build.0 = Debug|Any CPU
		{C097E6EF-567B-4A09-9E8A-301162E99BFC}.Release|Any CPU.ActiveCfg = Release|Any CPU
		{C097E6EF-567B-4A09-9E8A-301162E99BFC}.Release|Any CPU.Build.0 = Release|Any CPU
	EndGlobalSection
	GlobalSection(SolutionProperties) = preSolution
		HideSolutionNode = FALSE
	EndGlobalSection
	GlobalSection(ExtensibilityGlobals) = postSolution
		SolutionGuid = {E0B3E632-A1C9-47C9-B433-D962560C579D}
	EndGlobalSection
EndGlobal
